{
  "nodes": {
    "nixpkgs": {
      "locked": {
        "lastModified": 1774029579,
        "narHash": "sha256-nhxRZw5j4QFqVB2PgTqOONPqRDgyhZOlzCryLJ/A/KA=",
        "owner": "NixOS",
        "repo": "nixpkgs",
        "rev": "ebb48f9526974dfbb242bbd80bd602957571f060",
        "type": "github"
      },
      "original": {
        "owner": "NixOS",
        "ref": "release-25.11",
        "repo": "nixpkgs",
        "type": "github"
      }
    },
    "root": {
      "inputs": {
        "nixpkgs": "nixpkgs"
      }
    }
  },
  "root": "root",
  "version": 7
}
